
Microsoft Visual Studio Solution File, Format Version 12.00
# Visual Studio 15
VisualStudioVersion = 15.0.27004.2005
MinimumVisualStudioVersion = 10.0.40219.1
Project("{FAE04EC0-301F-11D3-BF4B-00C04F79EFBC}") = "WebAppAgencia", "WebAppAgencia\WebAppAgencia.csproj", "{A446B7F6-8C1A-4C59-8264-936337F02B99}"
EndProject
Project("{FAE04EC0-301F-11D3-BF4B-00C04F79EFBC}") = "AgenciaModel", "AgenciaModel\AgenciaModel.csproj", "{9526B627-D998-498D-8CA3-DA61258ABB1B}"
EndProject
Project("{FAE04EC0-301F-11D3-BF4B-00C04F79EFBC}") = "AgenciaDAL", "AgenciaDAL\AgenciaDAL.csproj", "{7B492625-12AC-455F-A2FE-AAB74D6893C7}"
EndProject
Project("{FAE04EC0-301F-11D3-BF4B-00C04F79EFBC}") = "AgenciaDALTests", "AgenciaDALTests\AgenciaDALTests.csproj", "{FCB60B5B-BFA4-4248-94E0-3487EA987F48}"
EndProject
Project("{FAE04EC0-301F-11D3-BF4B-00C04F79EFBC}") = "WebAppAgendaJs", "WebAppAgendaJs\WebAppAgendaJs.csproj", "{208C9058-2DBB-4C6D-9304-26A3275EDE4B}"
EndProject
Project("{FAE04EC0-301F-11D3-BF4B-00C04F79EFBC}") = "AgenciaWebApi", "AgenciaWebApi\AgenciaWebApi.csproj", "{CD313A5B-911A-42C5-9D33-38B53FFD4944}"
EndProject
Global
	GlobalSection(SolutionConfigurationPlatforms) = preSolution
		Debug|Any CPU = Debug|Any CPU
		Debug|ARM = Debug|ARM
		Debug|x64 = Debug|x64
		Debug|x86 = Debug|x86
		Release|Any CPU = Release|Any CPU
		Release|ARM = Release|ARM
		Release|x64 = Release|x64
		Release|x86 = Release|x86
	EndGlobalSection
	GlobalSection(ProjectConfigurationPlatforms) = postSolution
		{A446B7F6-8C1A-4C59-8264-936337F02B99}.Debug|Any CPU.ActiveCfg = Debug|Any CPU
		{A446B7F6-8C1A-4C59-8264-936337F02B99}.Debug|Any CPU.Build.0 = Debug|Any CPU
		{A446B7F6-8C1A-4C59-8264-936337F02B99}.Debug|ARM.ActiveCfg = Debug|Any CPU
		{A446B7F6-8C1A-4C59-8264-936337F02B99}.Debug|ARM.Build.0 = Debug|Any CPU
		{A446B7F6-8C1A-4C59-8264-936337F02B99}.Debug|x64.ActiveCfg = Debug|Any CPU
		{A446B7F6-8C1A-4C59-8264-936337F02B99}.Debug|x64.Build.0 = Debug|Any CPU
		{A446B7F6-8C1A-4C59-8264-936337F02B99}.Debug|x86.ActiveCfg = Debug|Any CPU
		{A446B7F6-8C1A-4C59-8264-936337F02B99}.Debug|x86.Build.0 = Debug|Any CPU
		{A446B7F6-8C1A-4C59-8264-936337F02B99}.Release|Any CPU.ActiveCfg = Release|Any CPU
		{A446B7F6-8C1A-4C59-8264-936337F02B99}.Release|Any CPU.Build.0 = Release|Any CPU
		{A446B7F6-8C1A-4C59-8264-936337F02B99}.Release|ARM.ActiveCfg = Release|Any CPU
		{A446B7F6-8C1A-4C59-8264-936337F02B99}.Release|ARM.Build.0 = Release|Any CPU
		{A446B7F6-8C1A-4C59-8264-936337F02B99}.Release|x64.ActiveCfg = Release|Any CPU
		{A446B7F6-8C1A-4C59-8264-936337F02B99}.Release|x64.Build.0 = Release|Any CPU
		{A446B7F6-8C1A-4C59-8264-936337F02B99}.Release|x86.ActiveCfg = Release|Any CPU
		{A446B7F6-8C1A-4C59-8264-936337F02B99}.Release|x86.Build.0 = Release|Any CPU
		{9526B627-D998-498D-8CA3-DA61258ABB1B}.Debug|Any CPU.ActiveCfg = Debug|Any CPU
		{9526B627-D998-498D-8CA3-DA61258ABB1B}.Debug|Any CPU.Build.0 = Debug|Any CPU
		{9526B627-D998-498D-8CA3-DA61258ABB1B}.Debug|ARM.ActiveCfg = Debug|Any CPU
		{9526B627-D998-498D-8CA3-DA61258ABB1B}.Debug|ARM.Build.0 = Debug|Any CPU
		{9526B627-D998-498D-8CA3-DA61258ABB1B}.Debug|x64.ActiveCfg = Debug|Any CPU
		{9526B627-D998-498D-8CA3-DA61258ABB1B}.Debug|x64.Build.0 = Debug|Any CPU
		{9526B627-D998-498D-8CA3-DA61258ABB1B}.Debug|x86.ActiveCfg = Debug|Any CPU
		{9526B627-D998-498D-8CA3-DA61258ABB1B}.Debug|x86.Build.0 = Debug|Any CPU
		{9526B627-D998-498D-8CA3-DA61258ABB1B}.Release|Any CPU.ActiveCfg = Release|Any CPU
		{9526B627-D998-498D-8CA3-DA61258ABB1B}.Release|Any CPU.Build.0 = Release|Any CPU
		{9526B627-D998-498D-8CA3-DA61258ABB1B}.Release|ARM.ActiveCfg = Release|Any CPU
		{9526B627-D998-498D-8CA3-DA61258ABB1B}.Release|ARM.Build.0 = Release|Any CPU
		{9526B627-D998-498D-8CA3-DA61258ABB1B}.Release|x64.ActiveCfg = Release|Any CPU
		{9526B627-D998-498D-8CA3-DA61258ABB1B}.Release|x64.Build.0 = Release|Any CPU
		{9526B627-D998-498D-8CA3-DA61258ABB1B}.Release|x86.ActiveCfg = Release|Any CPU
		{9526B627-D998-498D-8CA3-DA61258ABB1B}.Release|x86.Build.0 = Release|Any CPU
		{7B492625-12AC-455F-A2FE-AAB74D6893C7}.Debug|Any CPU.ActiveCfg = Debug|Any CPU
		{7B492625-12AC-455F-A2FE-AAB74D6893C7}.Debug|Any CPU.Build.0 = Debug|Any CPU
		{7B492625-12AC-455F-A2FE-AAB74D6893C7}.Debug|ARM.ActiveCfg = Debug|Any CPU
		{7B492625-12AC-455F-A2FE-AAB74D6893C7}.Debug|ARM.Build.0 = Debug|Any CPU
		{7B492625-12AC-455F-A2FE-AAB74D6893C7}.Debug|x64.ActiveCfg = Debug|Any CPU
		{7B492625-12AC-455F-A2FE-AAB74D6893C7}.Debug|x64.Build.0 = Debug|Any CPU
		{7B492625-12AC-455F-A2FE-AAB74D6893C7}.Debug|x86.ActiveCfg = Debug|Any CPU
		{7B492625-12AC-455F-A2FE-AAB74D6893C7}.Debug|x86.Build.0 = Debug|Any CPU
		{7B492625-12AC-455F-A2FE-AAB74D6893C7}.Release|Any CPU.ActiveCfg = Release|Any CPU
		{7B492625-12AC-455F-A2FE-AAB74D6893C7}.Release|Any CPU.Build.0 = Release|Any CPU
		{7B492625-12AC-455F-A2FE-AAB74D6893C7}.Release|ARM.ActiveCfg = Release|Any CPU
		{7B492625-12AC-455F-A2FE-AAB74D6893C7}.Release|ARM.Build.0 = Release|Any CPU
		{7B492625-12AC-455F-A2FE-AAB74D6893C7}.Release|x64.ActiveCfg = Release|Any CPU
		{7B492625-12AC-455F-A2FE-AAB74D6893C7}.Release|x64.Build.0 = Release|Any CPU
		{7B492625-12AC-455F-A2FE-AAB74D6893C7}.Release|x86.ActiveCfg = Release|Any CPU
		{7B492625-12AC-455F-A2FE-AAB74D6893C7}.Release|x86.Build.0 = Release|Any CPU
		{FCB60B5B-BFA4-4248-94E0-3487EA987F48}.Debug|Any CPU.ActiveCfg = Debug|Any CPU
		{FCB60B5B-BFA4-4248-94E0-3487EA987F48}.Debug|Any CPU.Build.0 = Debug|Any CPU
		{FCB60B5B-BFA4-4248-94E0-3487EA987F48}.Debug|ARM.ActiveCfg = Debug|Any CPU
		{FCB60B5B-BFA4-4248-94E0-3487EA987F48}.Debug|ARM.Build.0 = Debug|Any CPU
		{FCB60B5B-BFA4-4248-94E0-3487EA987F48}.Debug|x64.ActiveCfg = Debug|Any CPU
		{FCB60B5B-BFA4-4248-94E0-3487EA987F48}.Debug|x64.Build.0 = Debug|Any CPU
		{FCB60B5B-BFA4-4248-94E0-3487EA987F48}.Debug|x86.ActiveCfg = Debug|Any CPU
		{FCB60B5B-BFA4-4248-94E0-3487EA987F48}.Debug|x86.Build.0 = Debug|Any CPU
		{FCB60B5B-BFA4-4248-94E0-3487EA987F48}.Release|Any CPU.ActiveCfg = Release|Any CPU
		{FCB60B5B-BFA4-4248-94E0-3487EA987F48}.Release|Any CPU.Build.0 = Release|Any CPU
		{FCB60B5B-BFA4-4248-94E0-3487EA987F48}.Release|ARM.ActiveCfg = Release|Any CPU
		{FCB60B5B-BFA4-4248-94E0-3487EA987F48}.Release|ARM.Build.0 = Release|Any CPU
		{FCB60B5B-BFA4-4248-94E0-3487EA987F48}.Release|x64.ActiveCfg = Release|Any CPU
		{FCB60B5B-BFA4-4248-94E0-3487EA987F48}.Release|x64.Build.0 = Release|Any CPU
		{FCB60B5B-BFA4-4248-94E0-3487EA987F48}.Release|x86.ActiveCfg = Release|Any CPU
		{FCB60B5B-BFA4-4248-94E0-3487EA987F48}.Release|x86.Build.0 = Release|Any CPU
		{208C9058-2DBB-4C6D-9304-26A3275EDE4B}.Debug|Any CPU.ActiveCfg = Debug|Any CPU
		{208C9058-2DBB-4C6D-9304-26A3275EDE4B}.Debug|Any CPU.Build.0 = Debug|Any CPU
		{208C9058-2DBB-4C6D-9304-26A3275EDE4B}.Debug|ARM.ActiveCfg = Debug|Any CPU
		{208C9058-2DBB-4C6D-9304-26A3275EDE4B}.Debug|ARM.Build.0 = Debug|Any CPU
		{208C9058-2DBB-4C6D-9304-26A3275EDE4B}.Debug|x64.ActiveCfg = Debug|Any CPU
		{208C9058-2DBB-4C6D-9304-26A3275EDE4B}.Debug|x64.Build.0 = Debug|Any CPU
		{208C9058-2DBB-4C6D-9304-26A3275EDE4B}.Debug|x86.ActiveCfg = Debug|Any CPU
		{208C9058-2DBB-4C6D-9304-26A3275EDE4B}.Debug|x86.Build.0 = Debug|Any CPU
		{208C9058-2DBB-4C6D-9304-26A3275EDE4B}.Release|Any CPU.ActiveCfg = Release|Any CPU
		{208C9058-2DBB-4C6D-9304-26A3275EDE4B}.Release|Any CPU.Build.0 = Release|Any CPU
		{208C9058-2DBB-4C6D-9304-26A3275EDE4B}.Release|ARM.ActiveCfg = Release|Any CPU
		{208C9058-2DBB-4C6D-9304-26A3275EDE4B}.Release|ARM.Build.0 = Release|Any CPU
		{208C9058-2DBB-4C6D-9304-26A3275EDE4B}.Release|x64.ActiveCfg = Release|Any CPU
		{208C9058-2DBB-4C6D-9304-26A3275EDE4B}.Release|x64.Build.0 = Release|Any CPU
		{208C9058-2DBB-4C6D-9304-26A3275EDE4B}.Release|x86.ActiveCfg = Release|Any CPU
		{208C9058-2DBB-4C6D-9304-26A3275EDE4B}.Release|x86.Build.0 = Release|Any CPU
		{CD313A5B-911A-42C5-9D33-38B53FFD4944}.Debug|Any CPU.ActiveCfg = Debug|Any CPU
		{CD313A5B-911A-42C5-9D33-38B53FFD4944}.Debug|Any CPU.Build.0 = Debug|Any CPU
		{CD313A5B-911A-42C5-9D33-38B53FFD4944}.Debug|ARM.ActiveCfg = Debug|Any CPU
		{CD313A5B-911A-42C5-9D33-38B53FFD4944}.Debug|ARM.Build.0 = Debug|Any CPU
		{CD313A5B-911A-42C5-9D33-38B53FFD4944}.Debug|x64.ActiveCfg = Debug|Any CPU
		{CD313A5B-911A-42C5-9D33-38B53FFD4944}.Debug|x64.Build.0 = Debug|Any CPU
		{CD313A5B-911A-42C5-9D33-38B53FFD4944}.Debug|x86.ActiveCfg = Debug|Any CPU
		{CD313A5B-911A-42C5-9D33-38B53FFD4944}.Debug|x86.Build.0 = Debug|Any CPU
		{CD313A5B-911A-42C5-9D33-38B53FFD4944}.Release|Any CPU.ActiveCfg = Release|Any CPU
		{CD313A5B-911A-42C5-9D33-38B53FFD4944}.Release|Any CPU.Build.0 = Release|Any CPU
		{CD313A5B-911A-42C5-9D33-38B53FFD4944}.Release|ARM.ActiveCfg = Release|Any CPU
		{CD313A5B-911A-42C5-9D33-38B53FFD4944}.Release|ARM.Build.0 = Release|Any CPU
		{CD313A5B-911A-42C5-9D33-38B53FFD4944}.Release|x64.ActiveCfg = Release|Any CPU
		{CD313A5B-911A-42C5-9D33-38B53FFD4944}.Release|x64.Build.0 = Release|Any CPU
		{CD313A5B-911A-42C5-9D33-38B53FFD4944}.Release|x86.ActiveCfg = Release|Any CPU
		{CD313A5B-911A-42C5-9D33-38B53FFD4944}.Release|x86.Build.0 = Release|Any CPU
	EndGlobalSection
	GlobalSection(SolutionProperties) = preSolution
		HideSolutionNode = FALSE
	EndGlobalSection
	GlobalSection(ExtensibilityGlobals) = postSolution
		SolutionGuid = {40FA738C-DAE5-4DD8-89DA-02F78687945A}
	EndGlobalSection
EndGlobal
